
Microsoft Visual Studio Solution File, Format Version 12.00
# Visual Studio Version 17
VisualStudioVersion = 17.5.33516.290
MinimumVisualStudioVersion = 10.0.40219.1
Project("{FAE04EC0-301F-11D3-BF4B-00C04F79EFBC}") = "csharp-gestore-eventi", "csharp-gestore-eventi.csproj", "{FF1DDF19-655D-4E20-B1C8-6B429A86B10A}"
EndProject
Global
	GlobalSection(SolutionConfigurationPlatforms) = preSolution
		Debug|Any CPU = Debug|Any CPU
		Release|Any CPU = Release|Any CPU
	EndGlobalSection
	GlobalSection(ProjectConfigurationPlatforms) = postSolution
		{FF1DDF19-655D-4E20-B1C8-6B429A86B10A}.Debug|Any CPU.ActiveCfg = Debug|Any CPU
		{FF1DDF19-655D-4E20-B1C8-6B429A86B10A}.Debug|Any CPU.Build.0 = Debug|Any CPU
		{FF1DDF19-655D-4E20-B1C8-6B429A86B10A}.Release|Any CPU.ActiveCfg = Release|Any CPU
		{FF1DDF19-655D-4E20-B1C8-6B429A86B10A}.Release|Any CPU.Build.0 = Release|Any CPU
	EndGlobalSection
	GlobalSection(SolutionProperties) = preSolution
		HideSolutionNode = FALSE
	EndGlobalSection
	GlobalSection(ExtensibilityGlobals) = postSolution
		SolutionGuid = {625B90D0-166F-45CD-9415-B50783A44879}
	EndGlobalSection
EndGlobal
